{
  "requires": true,
  "lockfileVersion": 1,
  "dependencies": {
    "@types/accepts": {
      "version": "1.3.5",
      "resolved": "https://registry.npmjs.org/@types/accepts/-/accepts-1.3.5.tgz",
      "integrity": "sha512-jOdnI/3qTpHABjM5cx1Hc0sKsPoYCp+DP/GJRGtDlPd7fiV9oXGGIcjW/ZOxLIvjGz8MA+uMZI9metHlgqbgwQ==",
      "dev": true,
      "requires": {
        "@types/node": "*"
      }
    },
    "@types/agent-base": {
      "version": "4.2.2",
      "resolved": "https://registry.npmjs.org/@types/agent-base/-/agent-base-4.2.2.tgz",
      "integrity": "sha512-6174mm4qNKlMZ6/fCnziD+kMg0d5CL05heShmHijRhwQtLpG4qtqC7s2av5LNFDYdimKnFzsYD0t3NPMBm+jag==",
      "dev": true,
      "requires": {
        "@types/node": "*"
      }
    },
    "@types/asn1": {
      "version": "0.2.0",
      "resolved": "https://registry.npmjs.org/@types/asn1/-/asn1-0.2.0.tgz",
      "integrity": "sha512-5TMxIpYbIA9c1J0hYQjQDX3wr+rTgQEAXaW2BI8ECM8FO53wSW4HFZplTalrKSHuZUc76NtXcePRhwuOHqGD5g==",
      "dev": true,
      "requires": {
        "@types/node": "*"
      }
    },
    "@types/assert-plus": {
      "version": "1.0.4",
      "resolved": "https://registry.npmjs.org/@types/assert-plus/-/assert-plus-1.0.4.tgz",
      "integrity": "sha512-RHFop0siKJMrb/s25ba/vWTSv1Mixyt4LFmeZlQQZmL0wndFZaxqofrKwA2LrPlXJ7poZirb/HOIR6FiNQjCRA==",
      "dev": true,
      "requires": {
        "@types/node": "*"
      }
    },
    "@types/async": {
      "version": "3.2.7",
      "resolved": "https://registry.npmjs.org/@types/async/-/async-3.2.7.tgz",
      "integrity": "sha512-a+MBBfOTs3ShFMlbH9qsRVFkjIUunEtxrBT0gxRx1cntjKRg2WApuGmNYzHkwKaIhMi3SMbKktaD/rLObQMwIw==",
      "dev": true
    },
    "@types/aws4": {
      "version": "1.5.2",
      "resolved": "https://registry.npmjs.org/@types/aws4/-/aws4-1.5.2.tgz",
      "integrity": "sha512-r8+XOv0BKw3Br0oU6w9cfu21PaQq/5ZeXvMOivNQYJLc9WcPCpEFDaQu72QNEQjYv5Otu48VhjjnbtwrSmk/rg==",
      "dev": true
    },
    "@types/bluebird": {
      "version": "3.5.36",
      "resolved": "https://registry.npmjs.org/@types/bluebird/-/bluebird-3.5.36.tgz",
      "integrity": "sha512-HBNx4lhkxN7bx6P0++W8E289foSu8kO8GCk2unhuVggO+cE7rh9DhZUyPhUxNRG9m+5B5BTKxZQ5ZP92x/mx9Q==",
      "dev": true
    },
    "@types/body-parser": {
      "version": "1.19.1",
      "resolved": "https://registry.npmjs.org/@types/body-parser/-/body-parser-1.19.1.tgz",
      "integrity": "sha512-a6bTJ21vFOGIkwM0kzh9Yr89ziVxq4vYH2fQ6N8AeipEzai/cFK6aGMArIkUeIdRIgpwQa+2bXiLuUJCpSf2Cg==",
      "dev": true,
      "requires": {
        "@types/connect": "*",
        "@types/node": "*"
      }
    },
    "@types/bytes": {
      "version": "3.1.1",
      "resolved": "https://registry.npmjs.org/@types/bytes/-/bytes-3.1.1.tgz",
      "integrity": "sha512-lOGyCnw+2JVPKU3wIV0srU0NyALwTBJlVSx5DfMQOFuuohA8y9S8orImpuIQikZ0uIQ8gehrRjxgQC1rLRi11w==",
      "dev": true
    },
    "@types/caseless": {
      "version": "0.12.2",
      "resolved": "https://registry.npmjs.org/@types/caseless/-/caseless-0.12.2.tgz",
      "integrity": "sha512-6ckxMjBBD8URvjB6J3NcnuAn5Pkl7t3TizAg+xdlzzQGSPSmBcXf8KoIH0ua/i+tio+ZRUHEXp0HEmvaR4kt0w==",
      "dev": true
    },
    "@types/combined-stream": {
      "version": "1.0.3",
      "resolved": "https://registry.npmjs.org/@types/combined-stream/-/combined-stream-1.0.3.tgz",
      "integrity": "sha512-rU54Qy0+23b3xsXhBtHfx+M4lsRLllU2bnUnkS9hm3HAQ2Xt9q3QCYFxYVeaSG2mpCD8uuOGIEpcXHXDNZTa9w==",
      "dev": true,
      "requires": {
        "@types/node": "*"
      }
    },
    "@types/connect": {
      "version": "3.4.35",
      "resolved": "https://registry.npmjs.org/@types/connect/-/connect-3.4.35.tgz",
      "integrity": "sha512-cdeYyv4KWoEgpBISTxWvqYsVy444DOqehiF3fM3ne10AmJ62RSyNkUnxMJXHQWRQQX2eR94m5y1IZyDwBjV9FQ==",
      "dev": true,
      "requires": {
        "@types/node": "*"
      }
    },
    "@types/content-disposition": {
      "version": "0.5.4",
      "resolved": "https://registry.npmjs.org/@types/content-disposition/-/content-disposition-0.5.4.tgz",
      "integrity": "sha512-0mPF08jn9zYI0n0Q/Pnz7C4kThdSt+6LD4amsrYDDpgBfrVWa3TcCOxKX1zkGgYniGagRv8heN2cbh+CAn+uuQ==",
      "dev": true
    },
    "@types/content-type": {
      "version": "1.1.5",
      "resolved": "https://registry.npmjs.org/@types/content-type/-/content-type-1.1.5.tgz",
      "integrity": "sha512-dgMN+syt1xb7Hk8LU6AODOfPlvz5z1CbXpPuJE5ZrX9STfBOIXF09pEB8N7a97WT9dbngt3ksDCm6GW6yMrxfQ==",
      "dev": true
    },
    "@types/cookie": {
      "version": "0.4.1",
      "resolved": "https://registry.npmjs.org/@types/cookie/-/cookie-0.4.1.tgz",
      "integrity": "sha512-XW/Aa8APYr6jSVVA1y/DEIZX0/GMKLEVekNG727R8cs56ahETkRAy/3DR7+fJyh7oUgGwNQaRfXCun0+KbWY7Q==",
      "dev": true
    },
    "@types/cookie-signature": {
      "version": "1.0.3",
      "resolved": "https://registry.npmjs.org/@types/cookie-signature/-/cookie-signature-1.0.3.tgz",
      "integrity": "sha512-0jpd4oizLaBybWBCew/lx4iAjjNWmCfzbspvnjoppyGEquN51BjShmPCksiH2IXLwtxQ2F/e2PkFy0LL7jpLsw==",
      "dev": true
    },
    "@types/dashdash": {
      "version": "1.14.1",
      "resolved": "https://registry.npmjs.org/@types/dashdash/-/dashdash-1.14.1.tgz",
      "integrity": "sha512-3UAiw52g6LARDS9I5lpYwUzj/nBuMvor/0BWiza7ibuOIEaNIo+m3whnVBLLj/ue0DzlcX+96c24YdZCuDwOiQ==",
      "dev": true
    },
    "@types/debug": {
      "version": "4.1.7",
      "resolved": "https://registry.npmjs.org/@types/debug/-/debug-4.1.7.tgz",
      "integrity": "sha512-9AonUzyTjXXhEOa0DnqpzZi6VHlqKMswga9EXjpXnnqxwLtdvPPtlO8evrI5D9S6asFRCQ6v+wpiUKbw+vKqyg==",
      "dev": true,
      "requires": {
        "@types/ms": "*"
      }
    },
    "@types/depd": {
      "version": "1.1.32",
      "resolved": "https://registry.npmjs.org/@types/depd/-/depd-1.1.32.tgz",
      "integrity": "sha512-kB2cpXs3A0TGWl4a4h74yIwvclYZUTW6Irpee/3Dc1s4Cr5rGPHtpGPpBBpEV1MaKH5z/oul+57oDkEkeRXRnw==",
      "dev": true,
      "requires": {
        "@types/node": "*"
      }
    },
    "@types/destroy": {
      "version": "1.0.0",
      "resolved": "https://registry.npmjs.org/@types/destroy/-/destroy-1.0.0.tgz",
      "integrity": "sha512-nE3ePJLWPRu/qFHN8mj3fWnkr9K9ezwoiG4yOis2DuLeAawlnOOT/pM29JQkityrwfEvkblU5O9iS1bsiMqtDw==",
      "dev": true,
      "requires": {
        "@types/node": "*"
      }
    },
    "@types/double-ended-queue": {
      "version": "2.1.1",
      "resolved": "https://registry.npmjs.org/@types/double-ended-queue/-/double-ended-queue-2.1.1.tgz",
      "integrity": "sha512-O2+umEIlHBVyi+ePmucPjpINqTvSnsz+hAok0D4IpvrOsIsDr6c34B0AbNXW2UDVYuxbv51z5dxnrRt23ohgWg==",
      "dev": true
    },
    "@types/ee-first": {
      "version": "1.1.0",
      "resolved": "https://registry.npmjs.org/@types/ee-first/-/ee-first-1.1.0.tgz",
      "integrity": "sha512-Vkq1JoYsK7Uojrh/m+esVXhue+o5yJzqJojgRZawx+BTeztuS2O9fw2f5ZbTAo1qTeD8NKfwZ8WBvdNkBOEOqA==",
      "dev": true,
      "requires": {
        "@types/node": "*"
      }
    },
    "@types/encodeurl": {
      "version": "1.0.0",
      "resolved": "https://registry.npmjs.org/@types/encodeurl/-/encodeurl-1.0.0.tgz",
      "integrity": "sha512-iO2Q6xQOJ5DtOB6wJ2KIetFq9JRTbpzcKTe2aS6CCsa+W9KNWX2yXx9KeB5sY/nBfAWN43LkPg6SFB+ldsW9ZA==",
      "dev": true
    },
    "@types/es6-promisify": {
      "version": "6.0.0",
      "resolved": "https://registry.npmjs.org/@types/es6-promisify/-/es6-promisify-6.0.0.tgz",
      "integrity": "sha512-w3eB2FfE60gHeUTWT65G/FsTlqOAl8qZeyDGxAniF4oS7T6acQ7uvtGKQlCIQNOGh6r21A/3mBASNzy8Tbx+hg==",
      "dev": true
    },
    "@types/escape-html": {
      "version": "1.0.1",
      "resolved": "https://registry.npmjs.org/@types/escape-html/-/escape-html-1.0.1.tgz",
      "integrity": "sha512-4mI1FuUUZiuT95fSVqvZxp/ssQK9zsa86S43h9x3zPOSU9BBJ+BfDkXwuaU7BfsD+e7U0/cUUfJFk3iW2M4okA==",
      "dev": true
    },
    "@types/etag": {
      "version": "1.8.1",
      "resolved": "https://registry.npmjs.org/@types/etag/-/etag-1.8.1.tgz",
      "integrity": "sha512-bsKkeSqN7HYyYntFRAmzcwx/dKW4Wa+KVMTInANlI72PWLQmOpZu96j0OqHZGArW4VQwCmJPteQlXaUDeOB0WQ==",
      "dev": true,
      "requires": {
        "@types/node": "*"
      }
    },
    "@types/express": {
      "version": "4.17.13",
      "resolved": "https://registry.npmjs.org/@types/express/-/express-4.17.13.tgz",
      "integrity": "sha512-6bSZTPaTIACxn48l50SR+axgrqm6qXFIxrdAKaG6PaJk3+zuUr35hBlgT7vOmJcum+OEaIBLtHV/qloEAFITeA==",
      "dev": true,
      "requires": {
        "@types/body-parser": "*",
        "@types/express-serve-static-core": "^4.17.18",
        "@types/qs": "*",
        "@types/serve-static": "*"
      }
    },
    "@types/express-serve-static-core": {
      "version": "4.17.24",
      "resolved": "https://registry.npmjs.org/@types/express-serve-static-core/-/express-serve-static-core-4.17.24.tgz",
      "integrity": "sha512-3UJuW+Qxhzwjq3xhwXm2onQcFHn76frIYVbTu+kn24LFxI+dEhdfISDFovPB8VpEgW8oQCTpRuCe+0zJxB7NEA==",
      "dev": true,
      "requires": {
        "@types/node": "*",
        "@types/qs": "*",
        "@types/range-parser": "*"
      }
    },
    "@types/extend": {
      "version": "3.0.1",
      "resolved": "https://registry.npmjs.org/@types/extend/-/extend-3.0.1.tgz",
      "integrity": "sha512-R1g/VyKFFI2HLC1QGAeTtCBWCo6n75l41OnsVYNbmKG+kempOESaodf6BeJyUM3Q0rKa/NQcTHbB2+66lNnxLw==",
      "dev": true
    },
    "@types/extsprintf": {
      "version": "1.4.1",
      "resolved": "https://registry.npmjs.org/@types/extsprintf/-/extsprintf-1.4.1.tgz",
      "integrity": "sha512-etv+tKq7UaY7lWKsAnhuyMQJAQNf4nHcDoShfgltJrEZ24s/9rSIyGPOievGzQP4vYwvXgSMhaPhZW12TfneGg==",
      "dev": true
    },
    "@types/eyes": {
      "version": "0.1.32",
      "resolved": "https://registry.npmjs.org/@types/eyes/-/eyes-0.1.32.tgz",
      "integrity": "sha512-jH+zwSvH818VwAkiN2CvE3evQcQr9iIzp5w0Xk1KNybGXqSVDJyKEt8t269BIGoZkifItIR59TNv4MpJj2XASQ==",
      "dev": true,
      "requires": {
        "@types/node": "*"
      }
    },
    "@types/finalhandler": {
      "version": "1.1.1",
      "resolved": "https://registry.npmjs.org/@types/finalhandler/-/finalhandler-1.1.1.tgz",
      "integrity": "sha512-fT+Qs+kczrGnY9EpJpFHbdfdyKSoHUCKo3gJYbDWSSQFc18Td87AelfhMM8zqHRcP97/tk8AijV2zSUdClJK+Q==",
      "dev": true,
      "requires": {
        "@types/node": "*"
      }
    },
    "@types/forever-agent": {
      "version": "0.6.1",
      "resolved": "https://registry.npmjs.org/@types/forever-agent/-/forever-agent-0.6.1.tgz",
      "integrity": "sha512-B8KjH4cMgP4J+mofEpJTlo0d7EnAPWHswedTy15CbjaBUAN14EPjSco4FmWkJcX0V+S1rd2Tnj2akEEHoTtd+A==",
      "dev": true,
      "requires": {
        "@types/node": "*"
      }
    },
    "@types/forwarded": {
      "version": "0.1.0",
      "resolved": "https://registry.npmjs.org/@types/forwarded/-/forwarded-0.1.0.tgz",
      "integrity": "sha512-bMAatSgDFLgJ9m+uqmGvRIeZojIZYJmFKkPT+TKFOORgMNgJrjaAnYfr464GDn2q98VKn7VhkxX2tsbO6Fvtig==",
      "dev": true,
      "requires": {
        "@types/node": "*"
      }
    },
    "@types/fresh": {
      "version": "0.5.0",
      "resolved": "https://registry.npmjs.org/@types/fresh/-/fresh-0.5.0.tgz",
      "integrity": "sha512-eGPzuyc6wZM3sSHJdF7NM2jW6B/xsB014Rqg/iDa6xY02mlfy1w/TE2sYhR8vbHxkzJOXiGo6NuIk3xk35vsgQ==",
      "dev": true
    },
    "@types/getpass": {
      "version": "0.1.1",
      "resolved": "https://registry.npmjs.org/@types/getpass/-/getpass-0.1.1.tgz",
      "integrity": "sha512-bixc+RfrnKL94GoersCvHmZLYOsivzUpfKl60XxHATMGNi0uJuSdi+IWX2myXnj1sAKkKVjl94nyjutEn+3Rug==",
      "dev": true
    },
    "@types/has-ansi": {
      "version": "5.0.0",
      "resolved": "https://registry.npmjs.org/@types/has-ansi/-/has-ansi-5.0.0.tgz",
      "integrity": "sha512-1mwAilzr9t7E+h+KHaOE3Jxio9G3c2DSQTcjz/JV/xJ9DUuQastSiYmjJz4D07Vh12+tKM4owiFOe2+XOmvEig==",
      "dev": true
    },
    "@types/http-errors": {
      "version": "1.8.1",
      "resolved": "https://registry.npmjs.org/@types/http-errors/-/http-errors-1.8.1.tgz",
      "integrity": "sha512-e+2rjEwK6KDaNOm5Aa9wNGgyS9oSZU/4pfSMMPYNOfjvFI0WVXm29+ITRFr6aKDvvKo7uU1jV68MW4ScsfDi7Q==",
      "dev": true
    },
    "@types/hubot": {
      "version": "3.3.1",
      "resolved": "https://registry.npmjs.org/@types/hubot/-/hubot-3.3.1.tgz",
      "integrity": "sha512-hof+STc4L58pVa7cNnhjXKHDFPdL2hD/DYaa2g0EQjcNHAxjSKvwSKy4JfoDZn9MqOkrgH5YnvJwG3Y+oDq7xw==",
      "dev": true,
      "requires": {
        "@types/express": "*",
        "@types/scoped-http-client": "*"
      }
    },
    "@types/inherits": {
      "version": "0.0.30",
      "resolved": "https://registry.npmjs.org/@types/inherits/-/inherits-0.0.30.tgz",
      "integrity": "sha512-u3bSJhhwCMWsMdZhrX+PD2CsyxW0ahdrUWuC2EJCa6zQywA+nnj4+PkaGAf5nw2E7+05ww0epgY+kcxa7ojJUA==",
      "dev": true,
      "requires": {
        "@types/node": "*"
      }
    },
    "@types/is-typedarray": {
      "version": "1.0.0",
      "resolved": "https://registry.npmjs.org/@types/is-typedarray/-/is-typedarray-1.0.0.tgz",
      "integrity": "sha512-a+M3RfcM5KzKM/ckjglHGcCy6+OrmJV3dbKFi5H8MW9ZOyV3Tj/kXeE5vRiEIOCRKnRuE9xflFREEsugD9wrfg==",
      "dev": true,
      "requires": {
        "@types/node": "*"
      }
    },
    "@types/isstream": {
      "version": "0.1.0",
      "resolved": "https://registry.npmjs.org/@types/isstream/-/isstream-0.1.0.tgz",
      "integrity": "sha512-jo6R5XtVMgu1ej3H4o9NXiUE/4ZxyxmDrGslGiBa4/ugJr+Olw2viio/F2Vlc+zrwC9HJzuApOCCVC2g5jqV0w==",
      "dev": true
    },
    "@types/jsbn": {
      "version": "1.2.29",
      "resolved": "https://registry.npmjs.org/@types/jsbn/-/jsbn-1.2.29.tgz",
      "integrity": "sha512-2dVz9LTEGWVj9Ov9zaDnpvqHFV+W4bXtU0EUEGAzWfdRNO3dlUuosdHpENI6/oQW+Kejn0hAjk6P/czs9h/hvg==",
      "dev": true
    },
    "@types/json-schema": {
      "version": "7.0.9",
      "resolved": "https://registry.npmjs.org/@types/json-schema/-/json-schema-7.0.9.tgz",
      "integrity": "sha512-qcUXuemtEu+E5wZSJHNxUXeCZhAfXKQ41D+duX+VYPde7xyEVZci+/oXKJL13tnRs9lR2pr4fod59GT6/X1/yQ==",
      "dev": true
    },
    "@types/json-stringify-safe": {
      "version": "5.0.0",
      "resolved": "https://registry.npmjs.org/@types/json-stringify-safe/-/json-stringify-safe-5.0.0.tgz",
      "integrity": "sha512-UUA1sH0RSRROdInuDOA1yoRzbi5xVFD1RHCoOvNRPTNwR8zBkJ/84PZ6NhKVDtKp0FTeIccJCdQz1X2aJPr4uw==",
      "dev": true
    },
    "@types/lodash": {
      "version": "4.14.172",
      "resolved": "https://registry.npmjs.org/@types/lodash/-/lodash-4.14.172.tgz",
      "integrity": "sha512-/BHF5HAx3em7/KkzVKm3LrsD6HZAXuXO1AJZQ3cRRBZj4oHZDviWPYu0aEplAqDFNHZPW6d3G7KN+ONcCCC7pw==",
      "dev": true
    },
    "@types/media-typer": {
      "version": "1.1.1",
      "resolved": "https://registry.npmjs.org/@types/media-typer/-/media-typer-1.1.1.tgz",
      "integrity": "sha512-pj9YTwjWbh+cuwZ/74+SPNe+MI6npNZ13o9WslckpgXhOaVrugE/ru1XhZCkAoob+oOiD6zrdhtzVTObfqIRgQ==",
      "dev": true
    },
    "@types/merge-descriptors": {
      "version": "1.0.1",
      "resolved": "https://registry.npmjs.org/@types/merge-descriptors/-/merge-descriptors-1.0.1.tgz",
      "integrity": "sha512-dvY3+KXKTXn7sD9bFQsaPcw3FN9ljk82YDUDl7O2FsBVBhiN7Ya216aYUqUvlRdbL/lvW90SYAUJZ1fFnmtMUQ==",
      "dev": true
    },
    "@types/methods": {
      "version": "1.1.1",
      "resolved": "https://registry.npmjs.org/@types/methods/-/methods-1.1.1.tgz",
      "integrity": "sha512-hvD1Yz0xugpvbFNVihc0Eu60Y/o1dD8LmSdN4d5QHV315ljuVGlwS5DYrb3RqFi6JskDC0Xi6/Bv6aEe/1A9bw==",
      "dev": true
    },
    "@types/mime": {
      "version": "2.0.3",
      "resolved": "https://registry.npmjs.org/@types/mime/-/mime-2.0.3.tgz",
      "integrity": "sha512-Jus9s4CDbqwocc5pOAnh8ShfrnMcPHuJYzVcSUU7lrh8Ni5HuIqX3oilL86p3dlTrk0LzHRCgA/GQ7uNCw6l2Q==",
      "dev": true
    },
    "@types/mime-db": {
      "version": "1.43.1",
      "resolved": "https://registry.npmjs.org/@types/mime-db/-/mime-db-1.43.1.tgz",
      "integrity": "sha512-kGZJY+R+WnR5Rk+RPHUMERtb2qBRViIHCBdtUrY+NmwuGb8pQdfTqQiCKPrxpdoycl8KWm2DLdkpoSdt479XoQ==",
      "dev": true
    },
    "@types/mime-types": {
      "version": "2.1.0",
      "resolved": "https://registry.npmjs.org/@types/mime-types/-/mime-types-2.1.0.tgz",
      "integrity": "sha1-nKUs2jY/aZxpRmwqbM2q2RPqenM=",
      "dev": true
    },
    "@types/ms": {
      "version": "0.7.31",
      "resolved": "https://registry.npmjs.org/@types/ms/-/ms-0.7.31.tgz",
      "integrity": "sha512-iiUgKzV9AuaEkZqkOLDIvlQiL6ltuZd9tGcW3gwpnX8JbuiuhFlEGmmFXEXkN50Cvq7Os88IY2v0dkDqXYWVgA==",
      "dev": true
    },
    "@types/multiparty": {
      "version": "0.0.33",
      "resolved": "https://registry.npmjs.org/@types/multiparty/-/multiparty-0.0.33.tgz",
      "integrity": "sha512-Il6cJUpSqgojT7NxbVJUvXkCblm50/yEJYtblISDsNIeNYf4yMAhdizzidUk6h8pJ8yhwK/3Fkb+3Dwcgtwl8w==",
      "dev": true,
      "requires": {
        "@types/node": "*"
      }
    },
    "@types/negotiator": {
      "version": "0.6.1",
      "resolved": "https://registry.npmjs.org/@types/negotiator/-/negotiator-0.6.1.tgz",
      "integrity": "sha512-c4mvXFByghezQ/eVGN5HvH/jI63vm3B7FiE81BUzDAWmuiohRecCO6ddU60dfq29oKUMiQujsoB2h0JQC7JHKA==",
      "dev": true
    },
    "@types/node": {
      "version": "16.4.10",
      "resolved": "https://registry.npmjs.org/@types/node/-/node-16.4.10.tgz",
      "integrity": "sha512-TmVHsm43br64js9BqHWqiDZA+xMtbUpI1MBIA0EyiBmoV9pcEYFOSdj5fr6enZNfh4fChh+AGOLIzGwJnkshyQ==",
      "dev": true
    },
    "@types/on-finished": {
      "version": "2.3.1",
      "resolved": "https://registry.npmjs.org/@types/on-finished/-/on-finished-2.3.1.tgz",
      "integrity": "sha512-mzVYaYcFs5Jd2n/O6uYIRUsFRR1cHyZLRvkLCU0E7+G5WhY0qBDAR5fUCeZbvecYOSh9ikhlesyi2UfI8B9ckQ==",
      "dev": true,
      "requires": {
        "@types/node": "*"
      }
    },
    "@types/parseurl": {
      "version": "1.3.1",
      "resolved": "https://registry.npmjs.org/@types/parseurl/-/parseurl-1.3.1.tgz",
      "integrity": "sha1-48sRAhYOSO+ln0l8TsIt7k87Wyc=",
      "dev": true,
      "requires": {
        "@types/node": "*"
      }
    },
    "@types/proxy-addr": {
      "version": "2.0.0",
      "resolved": "https://registry.npmjs.org/@types/proxy-addr/-/proxy-addr-2.0.0.tgz",
      "integrity": "sha512-JEm0kSrO3CjbFSLpYeYhCscS0vpW1mIWedhWuurJnYbMzY1vcm9fzJ6TL6SWq3m/m3g4KUV5JBT69mQSwUHZHg==",
      "dev": true,
      "requires": {
        "@types/node": "*"
      }
    },
    "@types/psl": {
      "version": "1.1.0",
      "resolved": "https://registry.npmjs.org/@types/psl/-/psl-1.1.0.tgz",
      "integrity": "sha512-HhZnoLAvI2koev3czVPzBNRYvdrzJGLjQbWZhqFmS9Q6a0yumc5qtfSahBGb5g+6qWvA8iiQktqGkwoIXa/BNQ==",
      "dev": true
    },
    "@types/punycode": {
      "version": "2.1.0",
      "resolved": "https://registry.npmjs.org/@types/punycode/-/punycode-2.1.0.tgz",
      "integrity": "sha512-PG5aLpW6PJOeV2fHRslP4IOMWn+G+Uq8CfnyJ+PDS8ndCbU+soO+fB3NKCKo0p/Jh2Y4aPaiQZsrOXFdzpcA6g==",
      "dev": true
    },
    "@types/qs": {
      "version": "6.9.7",
      "resolved": "https://registry.npmjs.org/@types/qs/-/qs-6.9.7.tgz",
      "integrity": "sha512-FGa1F62FT09qcrueBA6qYTrJPVDzah9a+493+o2PCXsesWHIn27G98TsSMs3WPNbZIEj4+VJf6saSFpvD+3Zsw==",
      "dev": true
    },
    "@types/random-bytes": {
      "version": "1.0.1",
      "resolved": "https://registry.npmjs.org/@types/random-bytes/-/random-bytes-1.0.1.tgz",
      "integrity": "sha512-P7fvSNQkysUoV1i1jbpAUR9TgkArYMTpSd4N12Hi/cbULDh+0KqhbTO1iW651ye3AKYadKyP66jgSSWRHIk1Tg==",
      "dev": true,
      "requires": {
        "@types/node": "*"
      }
    },
    "@types/range-parser": {
      "version": "1.2.4",
      "resolved": "https://registry.npmjs.org/@types/range-parser/-/range-parser-1.2.4.tgz",
      "integrity": "sha512-EEhsLsD6UsDM1yFhAvy0Cjr6VwmpMWqFBCb9w07wVugF7w9nfajxLuVmngTIpgS6svCnm6Vaw+MZhoDCKnOfsw==",
      "dev": true
    },
    "@types/redis": {
      "version": "2.8.31",
      "resolved": "https://registry.npmjs.org/@types/redis/-/redis-2.8.31.tgz",
      "integrity": "sha512-daWrrTDYaa5iSDFbgzZ9gOOzyp2AJmYK59OlG/2KGBgYWF3lfs8GDKm1c//tik5Uc93hDD36O+qLPvzDolChbA==",
      "dev": true,
      "requires": {
        "@types/node": "*"
      }
    },
    "@types/request": {
      "version": "2.48.7",
      "resolved": "https://registry.npmjs.org/@types/request/-/request-2.48.7.tgz",
      "integrity": "sha512-GWP9AZW7foLd4YQxyFZDBepl0lPsWLMEXDZUjQ/c1gqVPDPECrRZyEzuhJdnPWioFCq3Tv0qoGpMD6U+ygd4ZA==",
      "dev": true,
      "requires": {
        "@types/caseless": "*",
        "@types/node": "*",
        "@types/tough-cookie": "*",
        "form-data": "^2.5.0"
      }
    },
    "@types/retry": {
      "version": "0.12.1",
      "resolved": "https://registry.npmjs.org/@types/retry/-/retry-0.12.1.tgz",
      "integrity": "sha512-xoDlM2S4ortawSWORYqsdU+2rxdh4LRW9ytc3zmT37RIKQh6IHyKwwtKhKis9ah8ol07DCkZxPt8BBvPjC6v4g==",
      "dev": true
    },
    "@types/safer-buffer": {
      "version": "2.1.0",
      "resolved": "https://registry.npmjs.org/@types/safer-buffer/-/safer-buffer-2.1.0.tgz",
      "integrity": "sha512-04WlrCdOLy1Ejpwc3A7qyZzsH6uqeWoH+XO80V8S8NRubGg+E4FMMM3VAS6jZZ8w+dXki1/5FI5upmMDQlaQsQ==",
      "dev": true,
      "requires": {
        "@types/node": "*"
      }
    },
    "@types/scoped-http-client": {
      "version": "0.11.1",
      "resolved": "https://registry.npmjs.org/@types/scoped-http-client/-/scoped-http-client-0.11.1.tgz",
      "integrity": "sha512-mxTxLAc+yA8FeL3ETkHPY2nAWB5OePEZHy/y4FqzPUslnjKO5xmVgMp33CZLgjcczcDt1whbhr0BgqWzFPbDOw==",
      "dev": true,
      "requires": {
        "@types/node": "*"
      }
    },
    "@types/send": {
      "version": "0.17.1",
      "resolved": "https://registry.npmjs.org/@types/send/-/send-0.17.1.tgz",
      "integrity": "sha512-Cwo8LE/0rnvX7kIIa3QHCkcuF21c05Ayb0ZfxPiv0W8VRiZiNW/WuRupHKpqqGVGf7SUA44QSOUKaEd9lIrd/Q==",
      "dev": true,
      "requires": {
        "@types/mime": "^1",
        "@types/node": "*"
      },
      "dependencies": {
        "@types/mime": {
          "version": "1.3.2",
          "resolved": "https://registry.npmjs.org/@types/mime/-/mime-1.3.2.tgz",
          "integrity": "sha512-YATxVxgRqNH6nHEIsvg6k2Boc1JHI9ZbH5iWFFv/MTkchz3b1ieGDa5T0a9RznNdI0KhVbdbWSN+KWWrQZRxTw==",
          "dev": true
        }
      }
    },
    "@types/serve-static": {
      "version": "1.13.10",
      "resolved": "https://registry.npmjs.org/@types/serve-static/-/serve-static-1.13.10.tgz",
      "integrity": "sha512-nCkHGI4w7ZgAdNkrEu0bv+4xNV/XDqW+DydknebMOQwkpDGx8G+HTlj7R7ABI8i8nKxVw0wtKPi1D+lPOkh4YQ==",
      "dev": true,
      "requires": {
        "@types/mime": "^1",
        "@types/node": "*"
      },
      "dependencies": {
        "@types/mime": {
          "version": "1.3.2",
          "resolved": "https://registry.npmjs.org/@types/mime/-/mime-1.3.2.tgz",
          "integrity": "sha512-YATxVxgRqNH6nHEIsvg6k2Boc1JHI9ZbH5iWFFv/MTkchz3b1ieGDa5T0a9RznNdI0KhVbdbWSN+KWWrQZRxTw==",
          "dev": true
        }
      }
    },
    "@types/sshpk": {
      "version": "1.10.6",
      "resolved": "https://registry.npmjs.org/@types/sshpk/-/sshpk-1.10.6.tgz",
      "integrity": "sha512-yYkTj+/AYlxtNp7mSGJrRsUwJECSCUYbi5K8Fx0xVgGQljbEWDSvNap3I2e+Xs4wzLWf6wcNP1Rm2egNDt3onw==",
      "dev": true,
      "requires": {
        "@types/node": "*"
      }
    },
    "@types/stack-trace": {
      "version": "0.0.29",
      "resolved": "https://registry.npmjs.org/@types/stack-trace/-/stack-trace-0.0.29.tgz",
      "integrity": "sha512-TgfOX+mGY/NyNxJLIbDWrO9DjGoVSW9+aB8H2yy1fy32jsvxijhmyJI9fDFgvz3YP4lvJaq9DzdR/M1bOgVc9g==",
      "dev": true
    },
    "@types/statuses": {
      "version": "2.0.0",
      "resolved": "https://registry.npmjs.org/@types/statuses/-/statuses-2.0.0.tgz",
      "integrity": "sha512-V4dX/J9hyQ8hq2hztP+8xB1girGot5ltjtmxaJusf6AGyxi2RvWJrpWj4/DxF0/GFNOkswUVnbkGXKaaY9juQQ==",
      "dev": true
    },
    "@types/supports-color": {
      "version": "8.1.1",
      "resolved": "https://registry.npmjs.org/@types/supports-color/-/supports-color-8.1.1.tgz",
      "integrity": "sha512-dPWnWsf+kzIG140B8z2w3fr5D03TLWbOAFQl45xUpI3vcizeXriNR5VYkWZ+WTMsUHqZ9Xlt3hrxGNANFyNQfw==",
      "dev": true
    },
    "@types/tough-cookie": {
      "version": "4.0.1",
      "resolved": "https://registry.npmjs.org/@types/tough-cookie/-/tough-cookie-4.0.1.tgz",
      "integrity": "sha512-Y0K95ThC3esLEYD6ZuqNek29lNX2EM1qxV8y2FTLUB0ff5wWrk7az+mLrnNFUnaXcgKye22+sFBRXOgpPILZNg==",
      "dev": true
    },
    "@types/type-is": {
      "version": "1.6.3",
      "resolved": "https://registry.npmjs.org/@types/type-is/-/type-is-1.6.3.tgz",
      "integrity": "sha512-PNs5wHaNcBgCQG5nAeeZ7OvosrEsI9O4W2jAOO9BCCg4ux9ZZvH2+0iSCOIDBiKuQsiNS8CBlmfX9f5YBQ22cA==",
      "dev": true,
      "requires": {
        "@types/node": "*"
      }
    },
    "@types/uid-safe": {
      "version": "2.1.2",
      "resolved": "https://registry.npmjs.org/@types/uid-safe/-/uid-safe-2.1.2.tgz",
      "integrity": "sha512-Qe3A73fQbbkyoCIZvumH3kGJe01aOeUjUjKW05QHAfkfyKa8FjlDR5dP05T27S/f1/qjCtI07pQJzo4SKQWFSQ==",
      "dev": true
    },
    "@types/ultron": {
      "version": "1.1.0",
      "resolved": "https://registry.npmjs.org/@types/ultron/-/ultron-1.1.0.tgz",
      "integrity": "sha512-jvo9vVqH1bgYm0eQnIcQ/Pvc5pIWD0Pg7f8AtAa6zh1VT9PVJ5yFLcRIpa3zGY6xO7arvWew/yKalzJ9KxziKA==",
      "dev": true
    },
    "@types/url-join": {
      "version": "4.0.1",
      "resolved": "https://registry.npmjs.org/@types/url-join/-/url-join-4.0.1.tgz",
      "integrity": "sha512-wDXw9LEEUHyV+7UWy7U315nrJGJ7p1BzaCxDpEoLr789Dk1WDVMMlf3iBfbG2F8NdWnYyFbtTxUn2ZNbm1Q4LQ==",
      "dev": true
    },
    "@types/utils-merge": {
      "version": "0.0.28",
      "resolved": "https://registry.npmjs.org/@types/utils-merge/-/utils-merge-0.0.28.tgz",
      "integrity": "sha1-QpEICsnp0Zefv6FegECBDKWsa9g=",
      "dev": true
    },
    "@types/uuid": {
      "version": "8.3.1",
      "resolved": "https://registry.npmjs.org/@types/uuid/-/uuid-8.3.1.tgz",
      "integrity": "sha512-Y2mHTRAbqfFkpjldbkHGY8JIzRN6XqYRliG8/24FcHm2D2PwW24fl5xMRTVGdrb7iMrwCaIEbLWerGIkXuFWVg==",
      "dev": true
    },
    "@types/vary": {
      "version": "1.1.0",
      "resolved": "https://registry.npmjs.org/@types/vary/-/vary-1.1.0.tgz",
      "integrity": "sha512-LQWqrIa0dvEOOH37lGksMEXbypRLUFqu6Gx0pmX7zIUisD2I/qaVgEX/vJ/PSVSW0Hk6yz1BNkFpqg6dZm3Wug==",
      "dev": true,
      "requires": {
        "@types/node": "*"
      }
    },
    "@types/verror": {
      "version": "1.10.5",
      "resolved": "https://registry.npmjs.org/@types/verror/-/verror-1.10.5.tgz",
      "integrity": "sha512-9UjMCHK5GPgQRoNbqdLIAvAy0EInuiqbW0PBMtVP6B5B2HQJlvoJHM+KodPZMEjOa5VkSc+5LH7xy+cUzQdmHw==",
      "dev": true
    },
    "@types/ws": {
      "version": "7.4.7",
      "resolved": "https://registry.npmjs.org/@types/ws/-/ws-7.4.7.tgz",
      "integrity": "sha512-JQbbmxZTZehdc2iszGKs5oC3NFnjeay7mtAWrdt7qNtAVK0g19muApzAy4bm9byz79xa2ZnO/BOBC2R8RC5Lww==",
      "dev": true,
      "requires": {
        "@types/node": "*"
      }
    },
    "asynckit": {
      "version": "0.4.0",
      "resolved": "https://registry.npmjs.org/asynckit/-/asynckit-0.4.0.tgz",
      "integrity": "sha1-x57Zf380y48robyXkLzDZkdLS3k=",
      "dev": true
    },
    "combined-stream": {
      "version": "1.0.8",
      "resolved": "https://registry.npmjs.org/combined-stream/-/combined-stream-1.0.8.tgz",
      "integrity": "sha512-FQN4MRfuJeHf7cBbBMJFXhKSDq+2kAArBlmRBvcvFE5BB1HZKXtSFASDhdlz9zOYwxh8lDdnvmMOe/+5cdoEdg==",
      "dev": true,
      "requires": {
        "delayed-stream": "~1.0.0"
      }
    },
    "delayed-stream": {
      "version": "1.0.0",
      "resolved": "https://registry.npmjs.org/delayed-stream/-/delayed-stream-1.0.0.tgz",
      "integrity": "sha1-3zrhmayt+31ECqrgsp4icrJOxhk=",
      "dev": true
    },
    "form-data": {
      "version": "2.5.1",
      "resolved": "https://registry.npmjs.org/form-data/-/form-data-2.5.1.tgz",
      "integrity": "sha512-m21N3WOmEEURgk6B9GLOE4RuWOFf28Lhh9qGYeNlGq4VDXUlJy2th2slBNU8Gp8EzloYZOibZJ7t5ecIrFSjVA==",
      "dev": true,
      "requires": {
        "asynckit": "^0.4.0",
        "combined-stream": "^1.0.6",
        "mime-types": "^2.1.12"
      }
    },
    "mime-db": {
      "version": "1.49.0",
      "resolved": "https://registry.npmjs.org/mime-db/-/mime-db-1.49.0.tgz",
      "integrity": "sha512-CIc8j9URtOVApSFCQIF+VBkX1RwXp/oMMOrqdyXSBXq5RWNEsRfyj1kiRnQgmNXmHxPoFIxOroKA3zcU9P+nAA==",
      "dev": true
    },
    "mime-types": {
      "version": "2.1.32",
      "resolved": "https://registry.npmjs.org/mime-types/-/mime-types-2.1.32.tgz",
      "integrity": "sha512-hJGaVS4G4c9TSMYh2n6SQAGrC4RnfU+daP8G7cSCmaqNjiOoUY0VHCMS42pxnQmVF1GWwFhbHWn3RIxCqTmZ9A==",
      "dev": true,
      "requires": {
        "mime-db": "1.49.0"
      }
    },
    "types-registry": {
      "version": "0.1.552",
      "resolved": "https://registry.npmjs.org/types-registry/-/types-registry-0.1.552.tgz",
      "integrity": "sha512-ixkjub0r9mwudOaZcb0CPnH2I3/rnWHbN4udbFTbJv1ZEpAV6L1m2CBFWcHv3YV47oS240FfKNuGp0JJCeUuYg=="
    }
  }
}
